# This file is automatically @generated by Cargo.
# It is not intended for manual editing.
version = 4

[[package]]
name = "enshell-adapters"
version = "0.0.0"

[[package]]
name = "enshell-cli"
version = "0.0.0"

[[package]]
name = "enshell-core"
version = "0.0.0"

[[package]]
name = "enshell-intents"
version = "0.0.0"

[[package]]
name = "enshell-llama"
version = "0.0.0"

[[package]]
name = "enshell-memory"
version = "0.0.0"

[[package]]
name = "enshell-model"
version = "0.0.0"

[[package]]
name = "enshell-os"
version = "0.0.0"

[[package]]
name = "enshell-policy"
version = "0.0.0"

[[package]]
name = "enshell-shell"
version = "0.0.0"

[[package]]
name = "enshell-telemetry"
version = "0.0.0"

[[package]]
name = "enshell-tests"
version = "0.0.0"
